Microsoft Visual Studio Solution File, Format Version 12.00
# Visual Studio Version 17
VisualStudioVersion = 17.5.2.0
MinimumVisualStudioVersion = 10.0.40219.1
Project("{FAE04EC0-301F-11D3-BF4B-00C04F79EFBC}") = "GLotifi", "GLotifi.csproj", "{27F59F05-1780-50E0-BBA1-EA699E32D015}"
EndProject
Global
	GlobalSection(SolutionConfigurationPlatforms) = preSolution
		Debug|Any CPU = Debug|Any CPU
		Release|Any CPU = Release|Any CPU
	EndGlobalSection
	GlobalSection(ProjectConfigurationPlatforms) = postSolution
		{27F59F05-1780-50E0-BBA1-EA699E32D015}.Debug|Any CPU.ActiveCfg = Debug|Any CPU
		{27F59F05-1780-50E0-BBA1-EA699E32D015}.Debug|Any CPU.Build.0 = Debug|Any CPU
		{27F59F05-1780-50E0-BBA1-EA699E32D015}.Release|Any CPU.ActiveCfg = Release|Any CPU
		{27F59F05-1780-50E0-BBA1-EA699E32D015}.Release|Any CPU.Build.0 = Release|Any CPU
	EndGlobalSection
	GlobalSection(SolutionProperties) = preSolution
		HideSolutionNode = FALSE
	EndGlobalSection
	GlobalSection(ExtensibilityGlobals) = postSolution
		SolutionGuid = {31F73E58-95F6-46CA-AA58-08F687640AD3}
	EndGlobalSection
EndGlobal
